# generated by rye
# use `rye lock` or `rye sync` to update this lockfile
#
# last locked with the following flags:
#   pre: false
#   features: []
#   all-features: false
#   with-sources: false
#   generate-hashes: false

-e file:.
aiohappyeyeballs==2.3.4
    # via aiohttp
aiohttp==3.10.1
    # via langchain
    # via langchain-community
aiosignal==1.3.1
    # via aiohttp
annotated-types==0.7.0
    # via pydantic
anthropic==0.32.0
    # via graph-rag-experiment
anyio==4.4.0
    # via anthropic
    # via httpx
    # via openai
    # via starlette
attrs==24.1.0
    # via aiohttp
beautifulsoup4==4.12.3
    # via graph-rag-experiment
boto3==1.34.154
    # via graph-rag-experiment
botocore==1.34.154
    # via boto3
    # via s3transfer
cachetools==5.4.0
    # via google-auth
case-converter==1.1.0
    # via graph-rag-experiment
certifi==2024.7.4
    # via httpcore
    # via httpx
    # via requests
charset-normalizer==3.3.2
    # via requests
click==8.1.7
    # via uvicorn
dataclasses-json==0.6.7
    # via graph-rag-experiment
    # via langchain-community
distro==1.9.0
    # via anthropic
    # via openai
fastapi==0.112.0
    # via graph-rag-experiment
filelock==3.15.4
    # via huggingface-hub
    # via torch
    # via transformers
frozenlist==1.4.1
    # via aiohttp
    # via aiosignal
fsspec==2024.6.1
    # via huggingface-hub
    # via torch
google-api-core==2.19.1
    # via google-api-python-client
google-api-python-client==2.139.0
    # via graph-rag-experiment
google-auth==2.32.0
    # via google-api-core
    # via google-api-python-client
    # via google-auth-httplib2
    # via google-auth-oauthlib
    # via graph-rag-experiment
google-auth-httplib2==0.2.0
    # via google-api-python-client
    # via graph-rag-experiment
google-auth-oauthlib==1.2.1
    # via graph-rag-experiment
googleapis-common-protos==1.63.2
    # via google-api-core
h11==0.14.0
    # via httpcore
    # via uvicorn
httpcore==1.0.5
    # via httpx
httplib2==0.22.0
    # via google-api-python-client
    # via google-auth-httplib2
httpx==0.27.0
    # via anthropic
    # via openai
huggingface-hub==0.24.5
    # via tokenizers
    # via transformers
idna==3.7
    # via anyio
    # via httpx
    # via requests
    # via yarl
jinja2==3.1.4
    # via torch
jiter==0.5.0
    # via anthropic
jmespath==1.0.1
    # via boto3
    # via botocore
jsonpatch==1.33
    # via langchain-core
jsonpointer==3.0.0
    # via jsonpatch
langchain==0.2.12
    # via graph-rag-experiment
    # via langchain-community
langchain-community==0.2.11
    # via graph-rag-experiment
    # via langchain-experimental
langchain-core==0.2.28
    # via graph-rag-experiment
    # via langchain
    # via langchain-community
    # via langchain-experimental
    # via langchain-openai
    # via langchain-text-splitters
langchain-experimental==0.0.64
    # via graph-rag-experiment
langchain-openai==0.1.20
    # via graph-rag-experiment
langchain-text-splitters==0.2.2
    # via langchain
langsmith==0.1.97
    # via langchain
    # via langchain-community
    # via langchain-core
lxml==5.2.2
    # via graph-rag-experiment
markupsafe==2.1.5
    # via jinja2
marshmallow==3.21.3
    # via dataclasses-json
mpmath==1.3.0
    # via sympy
multidict==6.0.5
    # via aiohttp
    # via yarl
mypy-extensions==1.0.0
    # via typing-inspect
neo4j==5.23.1
    # via graph-rag-experiment
networkx==3.3
    # via torch
numpy==1.26.4
    # via langchain
    # via langchain-community
    # via pandas
    # via transformers
oauthlib==3.2.2
    # via requests-oauthlib
openai==1.39.0
    # via graph-rag-experiment
    # via langchain-openai
orjson==3.10.6
    # via langsmith
packaging==24.1
    # via huggingface-hub
    # via langchain-core
    # via marshmallow
    # via transformers
pandas==2.2.2
    # via graph-rag-experiment
pdf2image==1.17.0
    # via graph-rag-experiment
pillow==10.4.0
    # via pdf2image
proto-plus==1.24.0
    # via google-api-core
protobuf==5.27.3
    # via google-api-core
    # via googleapis-common-protos
    # via proto-plus
pyasn1==0.6.0
    # via pyasn1-modules
    # via rsa
pyasn1-modules==0.4.0
    # via google-auth
pycryptodome==3.20.0
    # via graph-rag-experiment
pydantic==2.8.2
    # via anthropic
    # via fastapi
    # via graph-rag-experiment
    # via langchain
    # via langchain-core
    # via langsmith
    # via openai
pydantic-core==2.20.1
    # via pydantic
pymupdf==1.24.9
    # via graph-rag-experiment
pymupdfb==1.24.9
    # via pymupdf
pyparsing==3.1.2
    # via httplib2
pypdf==4.3.1
    # via graph-rag-experiment
python-dateutil==2.9.0.post0
    # via botocore
    # via pandas
pytz==2024.1
    # via neo4j
    # via pandas
pyyaml==6.0.1
    # via huggingface-hub
    # via langchain
    # via langchain-community
    # via langchain-core
    # via transformers
regex==2024.7.24
    # via tiktoken
    # via transformers
requests==2.32.3
    # via google-api-core
    # via graph-rag-experiment
    # via huggingface-hub
    # via langchain
    # via langchain-community
    # via langsmith
    # via requests-oauthlib
    # via tiktoken
    # via transformers
requests-oauthlib==2.0.0
    # via google-auth-oauthlib
rsa==4.9
    # via google-auth
s3transfer==0.10.2
    # via boto3
safetensors==0.4.4
    # via transformers
six==1.16.0
    # via python-dateutil
sniffio==1.3.1
    # via anthropic
    # via anyio
    # via httpx
    # via openai
soupsieve==2.5
    # via beautifulsoup4
sqlalchemy==2.0.32
    # via graph-rag-experiment
    # via langchain
    # via langchain-community
starlette==0.37.2
    # via fastapi
sympy==1.13.1
    # via torch
tenacity==8.5.0
    # via langchain
    # via langchain-community
    # via langchain-core
tiktoken==0.7.0
    # via langchain-openai
tokenizers==0.19.1
    # via anthropic
    # via transformers
torch==2.4.0
    # via graph-rag-experiment
tqdm==4.66.5
    # via graph-rag-experiment
    # via huggingface-hub
    # via openai
    # via transformers
transformers==4.43.4
    # via graph-rag-experiment
types-beautifulsoup4==4.12.0.20240511
    # via graph-rag-experiment
types-html5lib==1.1.11.20240806
    # via types-beautifulsoup4
types-requests==2.32.0.20240712
    # via graph-rag-experiment
typing-extensions==4.12.2
    # via anthropic
    # via fastapi
    # via huggingface-hub
    # via langchain-core
    # via openai
    # via pydantic
    # via pydantic-core
    # via sqlalchemy
    # via torch
    # via typing-inspect
typing-inspect==0.9.0
    # via dataclasses-json
tzdata==2024.1
    # via pandas
uritemplate==4.1.1
    # via google-api-python-client
urllib3==2.2.2
    # via botocore
    # via requests
    # via types-requests
uuid7==0.1.0
    # via graph-rag-experiment
uvicorn==0.30.5
    # via graph-rag-experiment
yarl==1.9.4
    # via aiohttp
zipfile36==0.1.3
    # via graph-rag-experiment
